
Microsoft Visual Studio Solution File, Format Version 12.00
# Visual Studio Version 17
VisualStudioVersion = 17.2.32616.157
MinimumVisualStudioVersion = 10.0.40219.1
Project("{FAE04EC0-301F-11D3-BF4B-00C04F79EFBC}") = "MVCDHProject", "MVCDHProject\MVCDHProject.csproj", "{5CF5489F-B637-461A-8E18-0365F14F5572}"
EndProject
Global
	GlobalSection(SolutionConfigurationPlatforms) = preSolution
		Debug|Any CPU = Debug|Any CPU
		Release|Any CPU = Release|Any CPU
	EndGlobalSection
	GlobalSection(ProjectConfigurationPlatforms) = postSolution
		{5CF5489F-B637-461A-8E18-0365F14F5572}.Debug|Any CPU.ActiveCfg = Debug|Any CPU
		{5CF5489F-B637-461A-8E18-0365F14F5572}.Debug|Any CPU.Build.0 = Debug|Any CPU
		{5CF5489F-B637-461A-8E18-0365F14F5572}.Release|Any CPU.ActiveCfg = Release|Any CPU
		{5CF5489F-B637-461A-8E18-0365F14F5572}.Release|Any CPU.Build.0 = Release|Any CPU
	EndGlobalSection
	GlobalSection(SolutionProperties) = preSolution
		HideSolutionNode = FALSE
	EndGlobalSection
	GlobalSection(ExtensibilityGlobals) = postSolution
		SolutionGuid = {2D720EF7-44DA-4A5A-B7D4-51578D6F0499}
	EndGlobalSection
EndGlobal
